
Microsoft Visual Studio Solution File, Format Version 12.00
# Visual Studio 14
VisualStudioVersion = 14.0.25123.0
MinimumVisualStudioVersion = 10.0.40219.1
Project("{FAE04EC0-301F-11D3-BF4B-00C04F79EFBC}") = "NewYorkTimes.ConsoleApp", "NewYorkTimes.Console\NewYorkTimes.ConsoleApp.csproj", "{EA2E8A7E-D46C-4DF9-8716-52541E982065}"
EndProject
Project("{FAE04EC0-301F-11D3-BF4B-00C04F79EFBC}") = "NewYorkTimes.Domain", "NewYorkTimes.Domain\NewYorkTimes.Domain.csproj", "{DCDE4554-5861-4BE9-855E-CDA1303EFA91}"
EndProject
Global
	GlobalSection(SolutionConfigurationPlatforms) = preSolution
		Debug|Any CPU = Debug|Any CPU
		Release|Any CPU = Release|Any CPU
	EndGlobalSection
	GlobalSection(ProjectConfigurationPlatforms) = postSolution
		{EA2E8A7E-D46C-4DF9-8716-52541E982065}.Debug|Any CPU.ActiveCfg = Debug|Any CPU
		{EA2E8A7E-D46C-4DF9-8716-52541E982065}.Debug|Any CPU.Build.0 = Debug|Any CPU
		{EA2E8A7E-D46C-4DF9-8716-52541E982065}.Release|Any CPU.ActiveCfg = Release|Any CPU
		{EA2E8A7E-D46C-4DF9-8716-52541E982065}.Release|Any CPU.Build.0 = Release|Any CPU
		{DCDE4554-5861-4BE9-855E-CDA1303EFA91}.Debug|Any CPU.ActiveCfg = Debug|Any CPU
		{DCDE4554-5861-4BE9-855E-CDA1303EFA91}.Debug|Any CPU.Build.0 = Debug|Any CPU
		{DCDE4554-5861-4BE9-855E-CDA1303EFA91}.Release|Any CPU.ActiveCfg = Release|Any CPU
		{DCDE4554-5861-4BE9-855E-CDA1303EFA91}.Release|Any CPU.Build.0 = Release|Any CPU
	EndGlobalSection
	GlobalSection(SolutionProperties) = preSolution
		HideSolutionNode = FALSE
	EndGlobalSection
EndGlobal
